
Microsoft Visual Studio Solution File, Format Version 12.00
# Visual Studio Version 16
VisualStudioVersion = 16.0.30523.141
MinimumVisualStudioVersion = 10.0.40219.1
Project("{FAE04EC0-301F-11D3-BF4B-00C04F79EFBC}") = "ToDoList", "ToDoList.csproj", "{8C9587C5-D18F-4457-AB14-CB5460677092}"
EndProject
Global
	GlobalSection(SolutionConfigurationPlatforms) = preSolution
		Debug|Any CPU = Debug|Any CPU
		Release|Any CPU = Release|Any CPU
	EndGlobalSection
	GlobalSection(ProjectConfigurationPlatforms) = postSolution
		{8C9587C5-D18F-4457-AB14-CB5460677092}.Debug|Any CPU.ActiveCfg = Debug|Any CPU
		{8C9587C5-D18F-4457-AB14-CB5460677092}.Debug|Any CPU.Build.0 = Debug|Any CPU
		{8C9587C5-D18F-4457-AB14-CB5460677092}.Release|Any CPU.ActiveCfg = Release|Any CPU
		{8C9587C5-D18F-4457-AB14-CB5460677092}.Release|Any CPU.Build.0 = Release|Any CPU
	EndGlobalSection
	GlobalSection(SolutionProperties) = preSolution
		HideSolutionNode = FALSE
	EndGlobalSection
	GlobalSection(ExtensibilityGlobals) = postSolution
		SolutionGuid = {64C62DF4-EF35-40AE-ACB1-02C5A0FE94B9}
	EndGlobalSection
EndGlobal
